
Microsoft Visual Studio Solution File, Format Version 12.00
# Visual Studio 15
VisualStudioVersion = 15.0.26124.0
MinimumVisualStudioVersion = 15.0.26124.0
Project("{FAE04EC0-301F-11D3-BF4B-00C04F79EFBC}") = "API", "API\API.csproj", "{DA12CA83-EDD3-4DD4-9464-9D3A3171EDC3}"
EndProject
Project("{FAE04EC0-301F-11D3-BF4B-00C04F79EFBC}") = "Infrastructure", "Infrastructure\Infrastructure.csproj", "{BBC04E76-44CF-4631-954F-8F6D24BB9BA4}"
EndProject
Project("{FAE04EC0-301F-11D3-BF4B-00C04F79EFBC}") = "Core", "Core\Core.csproj", "{59023F01-1BD0-47EB-B0D6-E81A50F8E983}"
EndProject
Global
	GlobalSection(SolutionConfigurationPlatforms) = preSolution
		Debug|Any CPU = Debug|Any CPU
		Debug|x64 = Debug|x64
		Debug|x86 = Debug|x86
		Release|Any CPU = Release|Any CPU
		Release|x64 = Release|x64
		Release|x86 = Release|x86
	EndGlobalSection
	GlobalSection(SolutionProperties) = preSolution
		HideSolutionNode = FALSE
	EndGlobalSection
	GlobalSection(ProjectConfigurationPlatforms) = postSolution
		{DA12CA83-EDD3-4DD4-9464-9D3A3171EDC3}.Debug|Any CPU.ActiveCfg = Debug|Any CPU
		{DA12CA83-EDD3-4DD4-9464-9D3A3171EDC3}.Debug|Any CPU.Build.0 = Debug|Any CPU
		{DA12CA83-EDD3-4DD4-9464-9D3A3171EDC3}.Debug|x64.ActiveCfg = Debug|Any CPU
		{DA12CA83-EDD3-4DD4-9464-9D3A3171EDC3}.Debug|x64.Build.0 = Debug|Any CPU
		{DA12CA83-EDD3-4DD4-9464-9D3A3171EDC3}.Debug|x86.ActiveCfg = Debug|Any CPU
		{DA12CA83-EDD3-4DD4-9464-9D3A3171EDC3}.Debug|x86.Build.0 = Debug|Any CPU
		{DA12CA83-EDD3-4DD4-9464-9D3A3171EDC3}.Release|Any CPU.ActiveCfg = Release|Any CPU
		{DA12CA83-EDD3-4DD4-9464-9D3A3171EDC3}.Release|Any CPU.Build.0 = Release|Any CPU
		{DA12CA83-EDD3-4DD4-9464-9D3A3171EDC3}.Release|x64.ActiveCfg = Release|Any CPU
		{DA12CA83-EDD3-4DD4-9464-9D3A3171EDC3}.Release|x64.Build.0 = Release|Any CPU
		{DA12CA83-EDD3-4DD4-9464-9D3A3171EDC3}.Release|x86.ActiveCfg = Release|Any CPU
		{DA12CA83-EDD3-4DD4-9464-9D3A3171EDC3}.Release|x86.Build.0 = Release|Any CPU
		{BBC04E76-44CF-4631-954F-8F6D24BB9BA4}.Debug|Any CPU.ActiveCfg = Debug|Any CPU
		{BBC04E76-44CF-4631-954F-8F6D24BB9BA4}.Debug|Any CPU.Build.0 = Debug|Any CPU
		{BBC04E76-44CF-4631-954F-8F6D24BB9BA4}.Debug|x64.ActiveCfg = Debug|Any CPU
		{BBC04E76-44CF-4631-954F-8F6D24BB9BA4}.Debug|x64.Build.0 = Debug|Any CPU
		{BBC04E76-44CF-4631-954F-8F6D24BB9BA4}.Debug|x86.ActiveCfg = Debug|Any CPU
		{BBC04E76-44CF-4631-954F-8F6D24BB9BA4}.Debug|x86.Build.0 = Debug|Any CPU
		{BBC04E76-44CF-4631-954F-8F6D24BB9BA4}.Release|Any CPU.ActiveCfg = Release|Any CPU
		{BBC04E76-44CF-4631-954F-8F6D24BB9BA4}.Release|Any CPU.Build.0 = Release|Any CPU
		{BBC04E76-44CF-4631-954F-8F6D24BB9BA4}.Release|x64.ActiveCfg = Release|Any CPU
		{BBC04E76-44CF-4631-954F-8F6D24BB9BA4}.Release|x64.Build.0 = Release|Any CPU
		{BBC04E76-44CF-4631-954F-8F6D24BB9BA4}.Release|x86.ActiveCfg = Release|Any CPU
		{BBC04E76-44CF-4631-954F-8F6D24BB9BA4}.Release|x86.Build.0 = Release|Any CPU
		{59023F01-1BD0-47EB-B0D6-E81A50F8E983}.Debug|Any CPU.ActiveCfg = Debug|Any CPU
		{59023F01-1BD0-47EB-B0D6-E81A50F8E983}.Debug|Any CPU.Build.0 = Debug|Any CPU
		{59023F01-1BD0-47EB-B0D6-E81A50F8E983}.Debug|x64.ActiveCfg = Debug|Any CPU
		{59023F01-1BD0-47EB-B0D6-E81A50F8E983}.Debug|x64.Build.0 = Debug|Any CPU
		{59023F01-1BD0-47EB-B0D6-E81A50F8E983}.Debug|x86.ActiveCfg = Debug|Any CPU
		{59023F01-1BD0-47EB-B0D6-E81A50F8E983}.Debug|x86.Build.0 = Debug|Any CPU
		{59023F01-1BD0-47EB-B0D6-E81A50F8E983}.Release|Any CPU.ActiveCfg = Release|Any CPU
		{59023F01-1BD0-47EB-B0D6-E81A50F8E983}.Release|Any CPU.Build.0 = Release|Any CPU
		{59023F01-1BD0-47EB-B0D6-E81A50F8E983}.Release|x64.ActiveCfg = Release|Any CPU
		{59023F01-1BD0-47EB-B0D6-E81A50F8E983}.Release|x64.Build.0 = Release|Any CPU
		{59023F01-1BD0-47EB-B0D6-E81A50F8E983}.Release|x86.ActiveCfg = Release|Any CPU
		{59023F01-1BD0-47EB-B0D6-E81A50F8E983}.Release|x86.Build.0 = Release|Any CPU
	EndGlobalSection
EndGlobal
